{
  "name": "nodeinterp",
  "version": "1.0.0",
  "lockfileVersion": 1,
  "requires": true,
  "dependencies": {
    "datascript-mori": {
      "version": "0.17.0",
      "resolved": "https://registry.npmjs.org/datascript-mori/-/datascript-mori-0.17.0.tgz",
      "integrity": "sha1-68wjwJwar5eLm+aXE0zWSsCZUu4="
    }
  }
}
